
Microsoft Visual Studio Solution File, Format Version 12.00
# Visual Studio Version 17
VisualStudioVersion = 17.5.33530.505
MinimumVisualStudioVersion = 10.0.40219.1
Project("{FAE04EC0-301F-11D3-BF4B-00C04F79EFBC}") = "Day 1", "Day 1\Day 1.csproj", "{FDC05D59-6B51-4E46-BE82-A85F422D3864}"
EndProject
Global
	GlobalSection(SolutionConfigurationPlatforms) = preSolution
		Debug|Any CPU = Debug|Any CPU
		Release|Any CPU = Release|Any CPU
	EndGlobalSection
	GlobalSection(ProjectConfigurationPlatforms) = postSolution
		{FDC05D59-6B51-4E46-BE82-A85F422D3864}.Debug|Any CPU.ActiveCfg = Debug|Any CPU
		{FDC05D59-6B51-4E46-BE82-A85F422D3864}.Debug|Any CPU.Build.0 = Debug|Any CPU
		{FDC05D59-6B51-4E46-BE82-A85F422D3864}.Release|Any CPU.ActiveCfg = Release|Any CPU
		{FDC05D59-6B51-4E46-BE82-A85F422D3864}.Release|Any CPU.Build.0 = Release|Any CPU
	EndGlobalSection
	GlobalSection(SolutionProperties) = preSolution
		HideSolutionNode = FALSE
	EndGlobalSection
	GlobalSection(ExtensibilityGlobals) = postSolution
		SolutionGuid = {521EF7CB-17EA-4609-8DFC-F5562D7B2BDF}
	EndGlobalSection
EndGlobal
